// !$*UTF8*$!
{
	archiveVersion = 1;
	classes = {
	};
	objectVersion = 46;
	objects = {

/* Begin PBXBuildFile section */
		4A2155CC1A91B5D500589489 /* AppDelegate.swift in Sources */ = {isa = PBXBuildFile; fileRef = 4A2155CB1A91B5D500589489 /* AppDelegate.swift */; };
		4A2155CE1A91B5D500589489 /* ViewController.swift in Sources */ = {isa = PBXBuildFile; fileRef = 4A2155CD1A91B5D500589489 /* ViewController.swift */; };
		4A2155D11A91B5D500589489 /* Main.storyboard in Resources */ = {isa = PBXBuildFile; fileRef = 4A2155CF1A91B5D500589489 /* Main.storyboard */; };
		4A2155D31A91B5D500589489 /* Images.xcassets in Resources */ = {isa = PBXBuildFile; fileRef = 4A2155D21A91B5D500589489 /* Images.xcassets */; };
		4A2155D61A91B5D500589489 /* LaunchScreen.xib in Resources */ = {isa = PBXBuildFile; fileRef = 4A2155D41A91B5D500589489 /* LaunchScreen.xib */; };
		4A2155E21A91B5D500589489 /* J2ObjCSwiftTests.swift in Sources */ = {isa = PBXBuildFile; fileRef = 4A2155E11A91B5D500589489 /* J2ObjCSwiftTests.swift */; };
		4A2155EC1A91B6BF00589489 /* libicucore.dylib in Frameworks */ = {isa = PBXBuildFile; fileRef = 4A2155EB1A91B6BF00589489 /* libicucore.dylib */; };
		4A2155EE1A91B6C400589489 /* Security.framework in Frameworks */ = {isa = PBXBuildFile; fileRef = 4A2155ED1A91B6C400589489 /* Security.framework */; };
		4A2155F01A91B6D500589489 /* libz.dylib in Frameworks */ = {isa = PBXBuildFile; fileRef = 4A2155EF1A91B6D500589489 /* libz.dylib */; };
		4A2156041A91C31800589489 /* Physics.m in Sources */ = {isa = PBXBuildFile; fileRef = 4A2155F41A91C31800589489 /* Physics.m */; };
		4A2156051A91C31800589489 /* Point.m in Sources */ = {isa = PBXBuildFile; fileRef = 4A2155F61A91C31800589489 /* Point.m */; };
		4A2156061A91C31800589489 /* Session.m in Sources */ = {isa = PBXBuildFile; fileRef = 4A2155F81A91C31800589489 /* Session.m */; };
		4A2156071A91C31800589489 /* SessionManager.m in Sources */ = {isa = PBXBuildFile; fileRef = 4A2155FA1A91C31800589489 /* SessionManager.m */; };
		4A2156081A91C31800589489 /* Track.m in Sources */ = {isa = PBXBuildFile; fileRef = 4A2155FC1A91C31800589489 /* Track.m */; };
		4A2156091A91C31800589489 /* Gate.m in Sources */ = {isa = PBXBuildFile; fileRef = 4A2155FE1A91C31800589489 /* Gate.m */; };
		4A21560A1A91C31800589489 /* GateType.m in Sources */ = {isa = PBXBuildFile; fileRef = 4A2156001A91C31800589489 /* GateType.m */; };
		4A21560B1A91C31800589489 /* Lap.m in Sources */ = {isa = PBXBuildFile; fileRef = 4A2156021A91C31800589489 /* Lap.m */; };
		4A67487F1ABBC783007626E0 /* Data in Resources */ = {isa = PBXBuildFile; fileRef = 4A67487E1ABBC783007626E0 /* Data */; };
/* End PBXBuildFile section */

/* Begin PBXContainerItemProxy section */
		4A2155DC1A91B5D500589489 /* PBXContainerItemProxy */ = {
			isa = PBXContainerItemProxy;
			containerPortal = 4A2155BE1A91B5D500589489 /* Project object */;
			proxyType = 1;
			remoteGlobalIDString = 4A2155C51A91B5D500589489;
			remoteInfo = J2ObjCSwift;
		};
/* End PBXContainerItemProxy section */

/* Begin PBXFileReference section */
		4A2155C61A91B5D500589489 /* J2ObjCSwift.app */ = {isa = PBXFileReference; explicitFileType = wrapper.application; includeInIndex = 0; path = J2ObjCSwift.app; sourceTree = BUILT_PRODUCTS_DIR; };
		4A2155CA1A91B5D500589489 /* Info.plist */ = {isa = PBXFileReference; lastKnownFileType = text.plist.xml; path = Info.plist; sourceTree = "<group>"; };
		4A2155CB1A91B5D500589489 /* AppDelegate.swift */ = {isa = PBXFileReference; lastKnownFileType = sourcecode.swift; path = AppDelegate.swift; sourceTree = "<group>"; };
		4A2155CD1A91B5D500589489 /* ViewController.swift */ = {isa = PBXFileReference; lastKnownFileType = sourcecode.swift; path = ViewController.swift; sourceTree = "<group>"; };
		4A2155D01A91B5D500589489 /* Base */ = {isa = PBXFileReference; lastKnownFileType = file.storyboard; name = Base; path = Base.lproj/Main.storyboard; sourceTree = "<group>"; };
		4A2155D21A91B5D500589489 /* Images.xcassets */ = {isa = PBXFileReference; lastKnownFileType = folder.assetcatalog; path = Images.xcassets; sourceTree = "<group>"; };
		4A2155D51A91B5D500589489 /* Base */ = {isa = PBXFileReference; lastKnownFileType = file.xib; name = Base; path = Base.lproj/LaunchScreen.xib; sourceTree = "<group>"; };
		4A2155DB1A91B5D500589489 /* J2ObjCSwiftTests.xctest */ = {isa = PBXFileReference; explicitFileType = wrapper.cfbundle; includeInIndex = 0; path = J2ObjCSwiftTests.xctest; sourceTree = BUILT_PRODUCTS_DIR; };
		4A2155E01A91B5D500589489 /* Info.plist */ = {isa = PBXFileReference; lastKnownFileType = text.plist.xml; path = Info.plist; sourceTree = "<group>"; };
		4A2155E11A91B5D500589489 /* J2ObjCSwiftTests.swift */ = {isa = PBXFileReference; lastKnownFileType = sourcecode.swift; path = J2ObjCSwiftTests.swift; sourceTree = "<group>"; };
		4A2155EB1A91B6BF00589489 /* libicucore.dylib */ = {isa = PBXFileReference; lastKnownFileType = "compiled.mach-o.dylib"; name = libicucore.dylib; path = usr/lib/libicucore.dylib; sourceTree = SDKROOT; };
		4A2155ED1A91B6C400589489 /* Security.framework */ = {isa = PBXFileReference; lastKnownFileType = wrapper.framework; name = Security.framework; path = System/Library/Frameworks/Security.framework; sourceTree = SDKROOT; };
		4A2155EF1A91B6D500589489 /* libz.dylib */ = {isa = PBXFileReference; lastKnownFileType = "compiled.mach-o.dylib"; name = libz.dylib; path = usr/lib/libz.dylib; sourceTree = SDKROOT; };
		4A2155F31A91C31800589489 /* Physics.h */ = {isa = PBXFileReference; fileEncoding = 4; lastKnownFileType = sourcecode.c.h; name = Physics.h; path = j2objc_generated/Physics.h; sourceTree = SOURCE_ROOT; };
		4A2155F41A91C31800589489 /* Physics.m */ = {isa = PBXFileReference; fileEncoding = 4; lastKnownFileType = sourcecode.c.objc; name = Physics.m; path = j2objc_generated/Physics.m; sourceTree = SOURCE_ROOT; };
		4A2155F51A91C31800589489 /* Point.h */ = {isa = PBXFileReference; fileEncoding = 4; lastKnownFileType = sourcecode.c.h; name = Point.h; path = j2objc_generated/Point.h; sourceTree = SOURCE_ROOT; };
		4A2155F61A91C31800589489 /* Point.m */ = {isa = PBXFileReference; fileEncoding = 4; lastKnownFileType = sourcecode.c.objc; name = Point.m; path = j2objc_generated/Point.m; sourceTree = SOURCE_ROOT; };
		4A2155F71A91C31800589489 /* Session.h */ = {isa = PBXFileReference; fileEncoding = 4; lastKnownFileType = sourcecode.c.h; name = Session.h; path = j2objc_generated/Session.h; sourceTree = SOURCE_ROOT; };
		4A2155F81A91C31800589489 /* Session.m */ = {isa = PBXFileReference; fileEncoding = 4; lastKnownFileType = sourcecode.c.objc; name = Session.m; path = j2objc_generated/Session.m; sourceTree = SOURCE_ROOT; };
		4A2155F91A91C31800589489 /* SessionManager.h */ = {isa = PBXFileReference; fileEncoding = 4; lastKnownFileType = sourcecode.c.h; name = SessionManager.h; path = j2objc_generated/SessionManager.h; sourceTree = SOURCE_ROOT; };
		4A2155FA1A91C31800589489 /* SessionManager.m */ = {isa = PBXFileReference; fileEncoding = 4; lastKnownFileType = sourcecode.c.objc; name = SessionManager.m; path = j2objc_generated/SessionManager.m; sourceTree = SOURCE_ROOT; };
		4A2155FB1A91C31800589489 /* Track.h */ = {isa = PBXFileReference; fileEncoding = 4; lastKnownFileType = sourcecode.c.h; name = Track.h; path = j2objc_generated/Track.h; sourceTree = SOURCE_ROOT; };
		4A2155FC1A91C31800589489 /* Track.m */ = {isa = PBXFileReference; fileEncoding = 4; lastKnownFileType = sourcecode.c.objc; name = Track.m; path = j2objc_generated/Track.m; sourceTree = SOURCE_ROOT; };
		4A2155FD1A91C31800589489 /* Gate.h */ = {isa = PBXFileReference; fileEncoding = 4; lastKnownFileType = sourcecode.c.h; name = Gate.h; path = j2objc_generated/Gate.h; sourceTree = SOURCE_ROOT; };
		4A2155FE1A91C31800589489 /* Gate.m */ = {isa = PBXFileReference; fileEncoding = 4; lastKnownFileType = sourcecode.c.objc; name = Gate.m; path = j2objc_generated/Gate.m; sourceTree = SOURCE_ROOT; };
		4A2155FF1A91C31800589489 /* GateType.h */ = {isa = PBXFileReference; fileEncoding = 4; lastKnownFileType = sourcecode.c.h; name = GateType.h; path = j2objc_generated/GateType.h; sourceTree = SOURCE_ROOT; };
		4A2156001A91C31800589489 /* GateType.m */ = {isa = PBXFileReference; fileEncoding = 4; lastKnownFileType = sourcecode.c.objc; name = GateType.m; path = j2objc_generated/GateType.m; sourceTree = SOURCE_ROOT; };
		4A2156011A91C31800589489 /* Lap.h */ = {isa = PBXFileReference; fileEncoding = 4; lastKnownFileType = sourcecode.c.h; name = Lap.h; path = j2objc_generated/Lap.h; sourceTree = SOURCE_ROOT; };
		4A2156021A91C31800589489 /* Lap.m */ = {isa = PBXFileReference; fileEncoding = 4; lastKnownFileType = sourcecode.c.objc; name = Lap.m; path = j2objc_generated/Lap.m; sourceTree = SOURCE_ROOT; };
		4A67487E1ABBC783007626E0 /* Data */ = {isa = PBXFileReference; lastKnownFileType = folder; name = Data; path = ../Shared/Data; sourceTree = "<group>"; };
		4A9741F11A9246400074E80B /* Bridge.h */ = {isa = PBXFileReference; lastKnownFileType = sourcecode.c.h; path = Bridge.h; sourceTree = "<group>"; };
/* End PBXFileReference section */

/* Begin PBXFrameworksBuildPhase section */
		4A2155C31A91B5D500589489 /* Frameworks */ = {
			isa = PBXFrameworksBuildPhase;
			buildActionMask = 2147483647;
			files = (
				4A2155F01A91B6D500589489 /* libz.dylib in Frameworks */,
				4A2155EE1A91B6C400589489 /* Security.framework in Frameworks */,
				4A2155EC1A91B6BF00589489 /* libicucore.dylib in Frameworks */,
			);
			runOnlyForDeploymentPostprocessing = 0;
		};
		4A2155D81A91B5D500589489 /* Frameworks */ = {
			isa = PBXFrameworksBuildPhase;
			buildActionMask = 2147483647;
			files = (
			);
			runOnlyForDeploymentPostprocessing = 0;
		};
/* End PBXFrameworksBuildPhase section */

/* Begin PBXGroup section */
		4A2155BD1A91B5D500589489 = {
			isa = PBXGroup;
			children = (
				4A67487E1ABBC783007626E0 /* Data */,
				4A2155EF1A91B6D500589489 /* libz.dylib */,
				4A2155ED1A91B6C400589489 /* Security.framework */,
				4A2155EB1A91B6BF00589489 /* libicucore.dylib */,
				4A2155C81A91B5D500589489 /* J2ObjCSwift */,
				4A2155DE1A91B5D500589489 /* J2ObjCSwiftTests */,
				4A2155C71A91B5D500589489 /* Products */,
			);
			sourceTree = "<group>";
		};
		4A2155C71A91B5D500589489 /* Products */ = {
			isa = PBXGroup;
			children = (
				4A2155C61A91B5D500589489 /* J2ObjCSwift.app */,
				4A2155DB1A91B5D500589489 /* J2ObjCSwiftTests.xctest */,
			);
			name = Products;
			sourceTree = "<group>";
		};
		4A2155C81A91B5D500589489 /* J2ObjCSwift */ = {
			isa = PBXGroup;
			children = (
				4A2155F31A91C31800589489 /* Physics.h */,
				4A2155F41A91C31800589489 /* Physics.m */,
				4A2155F51A91C31800589489 /* Point.h */,
				4A2155F61A91C31800589489 /* Point.m */,
				4A2155F71A91C31800589489 /* Session.h */,
				4A2155F81A91C31800589489 /* Session.m */,
				4A2155F91A91C31800589489 /* SessionManager.h */,
				4A2155FA1A91C31800589489 /* SessionManager.m */,
				4A2155FB1A91C31800589489 /* Track.h */,
				4A2155FC1A91C31800589489 /* Track.m */,
				4A2155FD1A91C31800589489 /* Gate.h */,
				4A2155FE1A91C31800589489 /* Gate.m */,
				4A2155FF1A91C31800589489 /* GateType.h */,
				4A2156001A91C31800589489 /* GateType.m */,
				4A2156011A91C31800589489 /* Lap.h */,
				4A2156021A91C31800589489 /* Lap.m */,
				4A2155CB1A91B5D500589489 /* AppDelegate.swift */,
				4A2155CD1A91B5D500589489 /* ViewController.swift */,
				4A2155CF1A91B5D500589489 /* Main.storyboard */,
				4A2155D21A91B5D500589489 /* Images.xcassets */,
				4A2155D41A91B5D500589489 /* LaunchScreen.xib */,
				4A2155C91A91B5D500589489 /* Supporting Files */,
				4A9741F11A9246400074E80B /* Bridge.h */,
			);
			path = J2ObjCSwift;
			sourceTree = "<group>";
		};
		4A2155C91A91B5D500589489 /* Supporting Files */ = {
			isa = PBXGroup;
			children = (
				4A2155CA1A91B5D500589489 /* Info.plist */,
			);
			name = "Supporting Files";
			sourceTree = "<group>";
		};
		4A2155DE1A91B5D500589489 /* J2ObjCSwiftTests */ = {
			isa = PBXGroup;
			children = (
				4A2155E11A91B5D500589489 /* J2ObjCSwiftTests.swift */,
				4A2155DF1A91B5D500589489 /* Supporting Files */,
			);
			path = J2ObjCSwiftTests;
			sourceTree = "<group>";
		};
		4A2155DF1A91B5D500589489 /* Supporting Files */ = {
			isa = PBXGroup;
			children = (
				4A2155E01A91B5D500589489 /* Info.plist */,
			);
			name = "Supporting Files";
			sourceTree = "<group>";
		};
/* End PBXGroup section */

/* Begin PBXNativeTarget section */
		4A2155C51A91B5D500589489 /* J2ObjCSwift */ = {
			isa = PBXNativeTarget;
			buildConfigurationList = 4A2155E51A91B5D500589489 /* Build configuration list for PBXNativeTarget "J2ObjCSwift" */;
			buildPhases = (
				4A2155C21A91B5D500589489 /* Sources */,
				4A2155C31A91B5D500589489 /* Frameworks */,
				4A2155C41A91B5D500589489 /* Resources */,
			);
			buildRules = (
			);
			dependencies = (
			);
			name = J2ObjCSwift;
			productName = J2ObjCSwift;
			productReference = 4A2155C61A91B5D500589489 /* J2ObjCSwift.app */;
			productType = "com.apple.product-type.application";
		};
		4A2155DA1A91B5D500589489 /* J2ObjCSwiftTests */ = {
			isa = PBXNativeTarget;
			buildConfigurationList = 4A2155E81A91B5D500589489 /* Build configuration list for PBXNativeTarget "J2ObjCSwiftTests" */;
			buildPhases = (
				4A2155D71A91B5D500589489 /* Sources */,
				4A2155D81A91B5D500589489 /* Frameworks */,
				4A2155D91A91B5D500589489 /* Resources */,
			);
			buildRules = (
			);
			dependencies = (
				4A2155DD1A91B5D500589489 /* PBXTargetDependency */,
			);
			name = J2ObjCSwiftTests;
			productName = J2ObjCSwiftTests;
			productReference = 4A2155DB1A91B5D500589489 /* J2ObjCSwiftTests.xctest */;
			productType = "com.apple.product-type.bundle.unit-test";
		};
/* End PBXNativeTarget section */

/* Begin PBXProject section */
		4A2155BE1A91B5D500589489 /* Project object */ = {
			isa = PBXProject;
			attributes = {
				LastUpgradeCheck = 0630;
				ORGANIZATIONNAME = harrycheung;
				TargetAttributes = {
					4A2155C51A91B5D500589489 = {
						CreatedOnToolsVersion = 6.3;
					};
					4A2155DA1A91B5D500589489 = {
						CreatedOnToolsVersion = 6.3;
						TestTargetID = 4A2155C51A91B5D500589489;
					};
				};
			};
			buildConfigurationList = 4A2155C11A91B5D500589489 /* Build configuration list for PBXProject "J2ObjCSwift" */;
			compatibilityVersion = "Xcode 3.2";
			developmentRegion = English;
			hasScannedForEncodings = 0;
			knownRegions = (
				en,
				Base,
			);
			mainGroup = 4A2155BD1A91B5D500589489;
			productRefGroup = 4A2155C71A91B5D500589489 /* Products */;
			projectDirPath = "";
			projectRoot = "";
			targets = (
				4A2155C51A91B5D500589489 /* J2ObjCSwift */,
				4A2155DA1A91B5D500589489 /* J2ObjCSwiftTests */,
			);
		};
/* End PBXProject section */

/* Begin PBXResourcesBuildPhase section */
		4A2155C41A91B5D500589489 /* Resources */ = {
			isa = PBXResourcesBuildPhase;
			buildActionMask = 2147483647;
			files = (
				4A2155D11A91B5D500589489 /* Main.storyboard in Resources */,
				4A2155D61A91B5D500589489 /* LaunchScreen.xib in Resources */,
				4A67487F1ABBC783007626E0 /* Data in Resources */,
				4A2155D31A91B5D500589489 /* Images.xcassets in Resources */,
			);
			runOnlyForDeploymentPostprocessing = 0;
		};
		4A2155D91A91B5D500589489 /* Resources */ = {
			isa = PBXResourcesBuildPhase;
			buildActionMask = 2147483647;
			files = (
			);
			runOnlyForDeploymentPostprocessing = 0;
		};
/* End PBXResourcesBuildPhase section */

/* Begin PBXSourcesBuildPhase section */
		4A2155C21A91B5D500589489 /* Sources */ = {
			isa = PBXSourcesBuildPhase;
			buildActionMask = 2147483647;
			files = (
				4A21560B1A91C31800589489 /* Lap.m in Sources */,
				4A2155CE1A91B5D500589489 /* ViewController.swift in Sources */,
				4A2156061A91C31800589489 /* Session.m in Sources */,
				4A2155CC1A91B5D500589489 /* AppDelegate.swift in Sources */,
				4A2156091A91C31800589489 /* Gate.m in Sources */,
				4A2156051A91C31800589489 /* Point.m in Sources */,
				4A21560A1A91C31800589489 /* GateType.m in Sources */,
				4A2156071A91C31800589489 /* SessionManager.m in Sources */,
				4A2156041A91C31800589489 /* Physics.m in Sources */,
				4A2156081A91C31800589489 /* Track.m in Sources */,
			);
			runOnlyForDeploymentPostprocessing = 0;
		};
		4A2155D71A91B5D500589489 /* Sources */ = {
			isa = PBXSourcesBuildPhase;
			buildActionMask = 2147483647;
			files = (
				4A2155E21A91B5D500589489 /* J2ObjCSwiftTests.swift in Sources */,
			);
			runOnlyForDeploymentPostprocessing = 0;
		};
/* End PBXSourcesBuildPhase section */

/* Begin PBXTargetDependency section */
		4A2155DD1A91B5D500589489 /* PBXTargetDependency */ = {
			isa = PBXTargetDependency;
			target = 4A2155C51A91B5D500589489 /* J2ObjCSwift */;
			targetProxy = 4A2155DC1A91B5D500589489 /* PBXContainerItemProxy */;
		};
/* End PBXTargetDependency section */

/* Begin PBXVariantGroup section */
		4A2155CF1A91B5D500589489 /* Main.storyboard */ = {
			isa = PBXVariantGroup;
			children = (
				4A2155D01A91B5D500589489 /* Base */,
			);
			name = Main.storyboard;
			sourceTree = "<group>";
		};
		4A2155D41A91B5D500589489 /* LaunchScreen.xib */ = {
			isa = PBXVariantGroup;
			children = (
				4A2155D51A91B5D500589489 /* Base */,
			);
			name = LaunchScreen.xib;
			sourceTree = "<group>";
		};
/* End PBXVariantGroup section */

/* Begin XCBuildConfiguration section */
		4A2155E31A91B5D500589489 /* Debug */ = {
			isa = XCBuildConfiguration;
			buildSettings = {
				ALWAYS_SEARCH_USER_PATHS = NO;
				CLANG_CXX_LANGUAGE_STANDARD = "gnu++0x";
				CLANG_CXX_LIBRARY = "libc++";
				CLANG_ENABLE_MODULES = YES;
				CLANG_ENABLE_OBJC_ARC = YES;
				CLANG_WARN_BOOL_CONVERSION = YES;
				CLANG_WARN_CONSTANT_CONVERSION = YES;
				CLANG_WARN_DIRECT_OBJC_ISA_USAGE = YES_ERROR;
				CLANG_WARN_EMPTY_BODY = YES;
				CLANG_WARN_ENUM_CONVERSION = YES;
				CLANG_WARN_INT_CONVERSION = YES;
				CLANG_WARN_OBJC_ROOT_CLASS = YES_ERROR;
				CLANG_WARN_UNREACHABLE_CODE = YES;
				CLANG_WARN__DUPLICATE_METHOD_MATCH = YES;
				"CODE_SIGN_IDENTITY[sdk=iphoneos*]" = "iPhone Developer";
				COPY_PHASE_STRIP = NO;
				DEBUG_INFORMATION_FORMAT = dwarf;
				ENABLE_STRICT_OBJC_MSGSEND = YES;
				GCC_C_LANGUAGE_STANDARD = gnu99;
				GCC_DYNAMIC_NO_PIC = NO;
				GCC_OPTIMIZATION_LEVEL = 0;
				GCC_PREPROCESSOR_DEFINITIONS = (
					"DEBUG=1",
					"$(inherited)",
				);
				GCC_SYMBOLS_PRIVATE_EXTERN = NO;
				GCC_WARN_64_TO_32_BIT_CONVERSION = YES;
				GCC_WARN_ABOUT_RETURN_TYPE = YES_ERROR;
				GCC_WARN_UNDECLARED_SELECTOR = YES;
				GCC_WARN_UNINITIALIZED_AUTOS = YES_AGGRESSIVE;
				GCC_WARN_UNUSED_FUNCTION = YES;
				GCC_WARN_UNUSED_VARIABLE = YES;
				IPHONEOS_DEPLOYMENT_TARGET = 8.3;
				MTL_ENABLE_DEBUG_INFO = YES;
				ONLY_ACTIVE_ARCH = YES;
				SDKROOT = iphoneos;
				SWIFT_OPTIMIZATION_LEVEL = "-Onone";
			};
			name = Debug;
		};
		4A2155E41A91B5D500589489 /* Release */ = {
			isa = XCBuildConfiguration;
			buildSettings = {
				ALWAYS_SEARCH_USER_PATHS = NO;
				CLANG_CXX_LANGUAGE_STANDARD = "gnu++0x";
				CLANG_CXX_LIBRARY = "libc++";
				CLANG_ENABLE_MODULES = YES;
				CLANG_ENABLE_OBJC_ARC = YES;
				CLANG_WARN_BOOL_CONVERSION = YES;
				CLANG_WARN_CONSTANT_CONVERSION = YES;
				CLANG_WARN_DIRECT_OBJC_ISA_USAGE = YES_ERROR;
				CLANG_WARN_EMPTY_BODY = YES;
				CLANG_WARN_ENUM_CONVERSION = YES;
				CLANG_WARN_INT_CONVERSION = YES;
				CLANG_WARN_OBJC_ROOT_CLASS = YES_ERROR;
				CLANG_WARN_UNREACHABLE_CODE = YES;
				CLANG_WARN__DUPLICATE_METHOD_MATCH = YES;
				"CODE_SIGN_IDENTITY[sdk=iphoneos*]" = "iPhone Developer";
				COPY_PHASE_STRIP = NO;
				DEBUG_INFORMATION_FORMAT = "dwarf-with-dsym";
				ENABLE_NS_ASSERTIONS = NO;
				ENABLE_STRICT_OBJC_MSGSEND = YES;
				GCC_C_LANGUAGE_STANDARD = gnu99;
				GCC_WARN_64_TO_32_BIT_CONVERSION = YES;
				GCC_WARN_ABOUT_RETURN_TYPE = YES_ERROR;
				GCC_WARN_UNDECLARED_SELECTOR = YES;
				GCC_WARN_UNINITIALIZED_AUTOS = YES_AGGRESSIVE;
				GCC_WARN_UNUSED_FUNCTION = YES;
				GCC_WARN_UNUSED_VARIABLE = YES;
				IPHONEOS_DEPLOYMENT_TARGET = 8.3;
				MTL_ENABLE_DEBUG_INFO = NO;
				SDKROOT = iphoneos;
				VALIDATE_PRODUCT = YES;
			};
			name = Release;
		};
		4A2155E61A91B5D500589489 /* Debug */ = {
			isa = XCBuildConfiguration;
			buildSettings = {
				ASSETCATALOG_COMPILER_APPICON_NAME = AppIcon;
				CLANG_ENABLE_OBJC_ARC = NO;
				HEADER_SEARCH_PATHS = (
					"$(inherited)",
					"/Applications/Xcode-Beta.app/Contents/Developer/Toolchains/XcodeDefault.xctoolchain/usr/include",
					j2objc_generated,
					"$(J2OBJC_HOME)/include",
				);
				INFOPLIST_FILE = J2ObjCSwift/Info.plist;
				IPHONEOS_DEPLOYMENT_TARGET = 8.1;
				J2OBJC_HOME = "/Users/harry/Projects/src/j2objc-0.9.6.1";
				LD_RUNPATH_SEARCH_PATHS = "$(inherited) @executable_path/Frameworks";
				LIBRARY_SEARCH_PATHS = "$(J2OBJC_HOME)/lib";
				OTHER_LDFLAGS = (
					"-ljsr305",
					"-ljre_emul",
				);
				PRODUCT_NAME = "$(TARGET_NAME)";
				SWIFT_OBJC_BRIDGING_HEADER = J2ObjCSwift/Bridge.h;
				SWIFT_WHOLE_MODULE_OPTIMIZATION = YES;
			};
			name = Debug;
		};
		4A2155E71A91B5D500589489 /* Release */ = {
			isa = XCBuildConfiguration;
			buildSettings = {
				ASSETCATALOG_COMPILER_APPICON_NAME = AppIcon;
				CLANG_ENABLE_OBJC_ARC = NO;
				GCC_OPTIMIZATION_LEVEL = fast;
				HEADER_SEARCH_PATHS = (
					"$(inherited)",
					"/Applications/Xcode-Beta.app/Contents/Developer/Toolchains/XcodeDefault.xctoolchain/usr/include",
					j2objc_generated,
					"$(J2OBJC_HOME)/include",
				);
				INFOPLIST_FILE = J2ObjCSwift/Info.plist;
				IPHONEOS_DEPLOYMENT_TARGET = 8.1;
				J2OBJC_HOME = "/Users/harry/Projects/src/j2objc-0.9.6.1";
				LD_RUNPATH_SEARCH_PATHS = "$(inherited) @executable_path/Frameworks";
				LIBRARY_SEARCH_PATHS = "$(J2OBJC_HOME)/lib";
				OTHER_LDFLAGS = (
					"-ljsr305",
					"-ljre_emul",
				);
				PRODUCT_NAME = "$(TARGET_NAME)";
				SWIFT_OBJC_BRIDGING_HEADER = J2ObjCSwift/Bridge.h;
				SWIFT_OPTIMIZATION_LEVEL = "-Ounchecked";
				SWIFT_WHOLE_MODULE_OPTIMIZATION = YES;
			};
			name = Release;
		};
		4A2155E91A91B5D500589489 /* Debug */ = {
			isa = XCBuildConfiguration;
			buildSettings = {
				BUNDLE_LOADER = "$(TEST_HOST)";
				FRAMEWORK_SEARCH_PATHS = (
					"$(SDKROOT)/Developer/Library/Frameworks",
					"$(inherited)",
				);
				GCC_PREPROCESSOR_DEFINITIONS = (
					"DEBUG=1",
					"$(inherited)",
				);
				INFOPLIST_FILE = J2ObjCSwiftTests/Info.plist;
				LD_RUNPATH_SEARCH_PATHS = "$(inherited) @executable_path/Frameworks @loader_path/Frameworks";
				PRODUCT_NAME = "$(TARGET_NAME)";
				TEST_HOST = "$(BUILT_PRODUCTS_DIR)/J2ObjCSwift.app/J2ObjCSwift";
			};
			name = Debug;
		};
		4A2155EA1A91B5D500589489 /* Release */ = {
			isa = XCBuildConfiguration;
			buildSettings = {
				BUNDLE_LOADER = "$(TEST_HOST)";
				FRAMEWORK_SEARCH_PATHS = (
					"$(SDKROOT)/Developer/Library/Frameworks",
					"$(inherited)",
				);
				INFOPLIST_FILE = J2ObjCSwiftTests/Info.plist;
				LD_RUNPATH_SEARCH_PATHS = "$(inherited) @executable_path/Frameworks @loader_path/Frameworks";
				PRODUCT_NAME = "$(TARGET_NAME)";
				TEST_HOST = "$(BUILT_PRODUCTS_DIR)/J2ObjCSwift.app/J2ObjCSwift";
			};
			name = Release;
		};
/* End XCBuildConfiguration section */

/* Begin XCConfigurationList section */
		4A2155C11A91B5D500589489 /* Build configuration list for PBXProject "J2ObjCSwift" */ = {
			isa = XCConfigurationList;
			buildConfigurations = (
				4A2155E31A91B5D500589489 /* Debug */,
				4A2155E41A91B5D500589489 /* Release */,
			);
			defaultConfigurationIsVisible = 0;
			defaultConfigurationName = Release;
		};
		4A2155E51A91B5D500589489 /* Build configuration list for PBXNativeTarget "J2ObjCSwift" */ = {
			isa = XCConfigurationList;
			buildConfigurations = (
				4A2155E61A91B5D500589489 /* Debug */,
				4A2155E71A91B5D500589489 /* Release */,
			);
			defaultConfigurationIsVisible = 0;
			defaultConfigurationName = Release;
		};
		4A2155E81A91B5D500589489 /* Build configuration list for PBXNativeTarget "J2ObjCSwiftTests" */ = {
			isa = XCConfigurationList;
			buildConfigurations = (
				4A2155E91A91B5D500589489 /* Debug */,
				4A2155EA1A91B5D500589489 /* Release */,
			);
			defaultConfigurationIsVisible = 0;
			defaultConfigurationName = Release;
		};
/* End XCConfigurationList section */
	};
	rootObject = 4A2155BE1A91B5D500589489 /* Project object */;
}
