
Microsoft Visual Studio Solution File, Format Version 12.00
# Visual Studio 2012
Project("{D954291E-2A0B-460D-934E-DC6B0785DB48}") = "Shared", "Shared\Shared.shproj", "{32DCF43F-F18B-4404-8B5E-5F900186FC7E}"
EndProject
Project("{FAE04EC0-301F-11D3-BF4B-00C04F79EFBC}") = "XamarinAndroid", "XamarinAndroid\XamarinAndroid.csproj", "{909F2FE7-16D1-4B46-89A0-A35B3604ED45}"
EndProject
Project("{FAE04EC0-301F-11D3-BF4B-00C04F79EFBC}") = "XamarinIOS", "XamarinIOS\XamarinIOS.csproj", "{134B9291-92BB-4901-9C57-DF8BE7554DAB}"
EndProject
Project("{FAE04EC0-301F-11D3-BF4B-00C04F79EFBC}") = "Test", "Test\Test.csproj", "{1B48B182-177B-459E-B6E2-D891FAA2863C}"
EndProject
Global
	GlobalSection(SolutionConfigurationPlatforms) = preSolution
		Debug|Any CPU = Debug|Any CPU
		Release|Any CPU = Release|Any CPU
		Debug|iPhoneSimulator = Debug|iPhoneSimulator
		Release|iPhoneSimulator = Release|iPhoneSimulator
		Debug|iPhone = Debug|iPhone
		Release|iPhone = Release|iPhone
		Ad-Hoc|iPhone = Ad-Hoc|iPhone
		AppStore|iPhone = AppStore|iPhone
	EndGlobalSection
	GlobalSection(ProjectConfigurationPlatforms) = postSolution
		{134B9291-92BB-4901-9C57-DF8BE7554DAB}.Ad-Hoc|iPhone.ActiveCfg = Ad-Hoc|iPhone
		{134B9291-92BB-4901-9C57-DF8BE7554DAB}.Ad-Hoc|iPhone.Build.0 = Ad-Hoc|iPhone
		{134B9291-92BB-4901-9C57-DF8BE7554DAB}.AppStore|iPhone.ActiveCfg = AppStore|iPhone
		{134B9291-92BB-4901-9C57-DF8BE7554DAB}.AppStore|iPhone.Build.0 = AppStore|iPhone
		{134B9291-92BB-4901-9C57-DF8BE7554DAB}.Debug|Any CPU.ActiveCfg = Debug|iPhoneSimulator
		{134B9291-92BB-4901-9C57-DF8BE7554DAB}.Debug|Any CPU.Build.0 = Debug|iPhoneSimulator
		{134B9291-92BB-4901-9C57-DF8BE7554DAB}.Debug|iPhone.ActiveCfg = Debug|iPhone
		{134B9291-92BB-4901-9C57-DF8BE7554DAB}.Debug|iPhone.Build.0 = Debug|iPhone
		{134B9291-92BB-4901-9C57-DF8BE7554DAB}.Debug|iPhoneSimulator.ActiveCfg = Debug|iPhoneSimulator
		{134B9291-92BB-4901-9C57-DF8BE7554DAB}.Debug|iPhoneSimulator.Build.0 = Debug|iPhoneSimulator
		{134B9291-92BB-4901-9C57-DF8BE7554DAB}.Release|Any CPU.ActiveCfg = Release|iPhoneSimulator
		{134B9291-92BB-4901-9C57-DF8BE7554DAB}.Release|Any CPU.Build.0 = Release|iPhoneSimulator
		{134B9291-92BB-4901-9C57-DF8BE7554DAB}.Release|iPhone.ActiveCfg = Release|iPhone
		{134B9291-92BB-4901-9C57-DF8BE7554DAB}.Release|iPhone.Build.0 = Release|iPhone
		{134B9291-92BB-4901-9C57-DF8BE7554DAB}.Release|iPhoneSimulator.ActiveCfg = Release|iPhoneSimulator
		{134B9291-92BB-4901-9C57-DF8BE7554DAB}.Release|iPhoneSimulator.Build.0 = Release|iPhoneSimulator
		{1B48B182-177B-459E-B6E2-D891FAA2863C}.Ad-Hoc|iPhone.ActiveCfg = Debug|Any CPU
		{1B48B182-177B-459E-B6E2-D891FAA2863C}.Ad-Hoc|iPhone.Build.0 = Debug|Any CPU
		{1B48B182-177B-459E-B6E2-D891FAA2863C}.AppStore|iPhone.ActiveCfg = Debug|Any CPU
		{1B48B182-177B-459E-B6E2-D891FAA2863C}.AppStore|iPhone.Build.0 = Debug|Any CPU
		{1B48B182-177B-459E-B6E2-D891FAA2863C}.Debug|Any CPU.ActiveCfg = Debug|Any CPU
		{1B48B182-177B-459E-B6E2-D891FAA2863C}.Debug|Any CPU.Build.0 = Debug|Any CPU
		{1B48B182-177B-459E-B6E2-D891FAA2863C}.Debug|iPhone.ActiveCfg = Debug|Any CPU
		{1B48B182-177B-459E-B6E2-D891FAA2863C}.Debug|iPhone.Build.0 = Debug|Any CPU
		{1B48B182-177B-459E-B6E2-D891FAA2863C}.Debug|iPhoneSimulator.ActiveCfg = Debug|Any CPU
		{1B48B182-177B-459E-B6E2-D891FAA2863C}.Debug|iPhoneSimulator.Build.0 = Debug|Any CPU
		{1B48B182-177B-459E-B6E2-D891FAA2863C}.Release|Any CPU.ActiveCfg = Release|Any CPU
		{1B48B182-177B-459E-B6E2-D891FAA2863C}.Release|Any CPU.Build.0 = Release|Any CPU
		{1B48B182-177B-459E-B6E2-D891FAA2863C}.Release|iPhone.ActiveCfg = Release|Any CPU
		{1B48B182-177B-459E-B6E2-D891FAA2863C}.Release|iPhone.Build.0 = Release|Any CPU
		{1B48B182-177B-459E-B6E2-D891FAA2863C}.Release|iPhoneSimulator.ActiveCfg = Release|Any CPU
		{1B48B182-177B-459E-B6E2-D891FAA2863C}.Release|iPhoneSimulator.Build.0 = Release|Any CPU
		{909F2FE7-16D1-4B46-89A0-A35B3604ED45}.Ad-Hoc|iPhone.ActiveCfg = Debug|Any CPU
		{909F2FE7-16D1-4B46-89A0-A35B3604ED45}.Ad-Hoc|iPhone.Build.0 = Debug|Any CPU
		{909F2FE7-16D1-4B46-89A0-A35B3604ED45}.AppStore|iPhone.ActiveCfg = Debug|Any CPU
		{909F2FE7-16D1-4B46-89A0-A35B3604ED45}.AppStore|iPhone.Build.0 = Debug|Any CPU
		{909F2FE7-16D1-4B46-89A0-A35B3604ED45}.Debug|Any CPU.ActiveCfg = Debug|Any CPU
		{909F2FE7-16D1-4B46-89A0-A35B3604ED45}.Debug|Any CPU.Build.0 = Debug|Any CPU
		{909F2FE7-16D1-4B46-89A0-A35B3604ED45}.Debug|iPhone.ActiveCfg = Debug|Any CPU
		{909F2FE7-16D1-4B46-89A0-A35B3604ED45}.Debug|iPhone.Build.0 = Debug|Any CPU
		{909F2FE7-16D1-4B46-89A0-A35B3604ED45}.Debug|iPhoneSimulator.ActiveCfg = Debug|Any CPU
		{909F2FE7-16D1-4B46-89A0-A35B3604ED45}.Debug|iPhoneSimulator.Build.0 = Debug|Any CPU
		{909F2FE7-16D1-4B46-89A0-A35B3604ED45}.Release|Any CPU.ActiveCfg = Release|Any CPU
		{909F2FE7-16D1-4B46-89A0-A35B3604ED45}.Release|Any CPU.Build.0 = Release|Any CPU
		{909F2FE7-16D1-4B46-89A0-A35B3604ED45}.Release|iPhone.ActiveCfg = Release|Any CPU
		{909F2FE7-16D1-4B46-89A0-A35B3604ED45}.Release|iPhone.Build.0 = Release|Any CPU
		{909F2FE7-16D1-4B46-89A0-A35B3604ED45}.Release|iPhoneSimulator.ActiveCfg = Release|Any CPU
		{909F2FE7-16D1-4B46-89A0-A35B3604ED45}.Release|iPhoneSimulator.Build.0 = Release|Any CPU
	EndGlobalSection
EndGlobal
